
Microsoft Visual Studio Solution File, Format Version 12.00
# Visual Studio Version 16
VisualStudioVersion = 16.0.32126.315
MinimumVisualStudioVersion = 10.0.40219.1
Project("{FAE04EC0-301F-11D3-BF4B-00C04F79EFBC}") = "TipCalculatorApp.Android", "TipCalculatorApp\TipCalculatorApp.Android\TipCalculatorApp.Android.csproj", "{EA4B6826-5EA2-4BCE-84AF-7DDAD7E30A3C}"
EndProject
Project("{FAE04EC0-301F-11D3-BF4B-00C04F79EFBC}") = "TipCalculatorApp.iOS", "TipCalculatorApp\TipCalculatorApp.iOS\TipCalculatorApp.iOS.csproj", "{7143BF4F-25A2-4A8B-A61F-BAD02EC8B4C6}"
EndProject
Project("{FAE04EC0-301F-11D3-BF4B-00C04F79EFBC}") = "TipCalculatorApp", "TipCalculatorApp\TipCalculatorApp\TipCalculatorApp.csproj", "{79B962E5-46EC-4DE4-9E63-6A71C8EC3FC1}"
EndProject
Global
	GlobalSection(SolutionConfigurationPlatforms) = preSolution
		Debug|Any CPU = Debug|Any CPU
		Debug|iPhone = Debug|iPhone
		Debug|iPhoneSimulator = Debug|iPhoneSimulator
		Release|Any CPU = Release|Any CPU
		Release|iPhone = Release|iPhone
		Release|iPhoneSimulator = Release|iPhoneSimulator
	EndGlobalSection
	GlobalSection(ProjectConfigurationPlatforms) = postSolution
		{EA4B6826-5EA2-4BCE-84AF-7DDAD7E30A3C}.Debug|Any CPU.ActiveCfg = Debug|Any CPU
		{EA4B6826-5EA2-4BCE-84AF-7DDAD7E30A3C}.Debug|Any CPU.Build.0 = Debug|Any CPU
		{EA4B6826-5EA2-4BCE-84AF-7DDAD7E30A3C}.Debug|Any CPU.Deploy.0 = Debug|Any CPU
		{EA4B6826-5EA2-4BCE-84AF-7DDAD7E30A3C}.Debug|iPhone.ActiveCfg = Debug|Any CPU
		{EA4B6826-5EA2-4BCE-84AF-7DDAD7E30A3C}.Debug|iPhone.Build.0 = Debug|Any CPU
		{EA4B6826-5EA2-4BCE-84AF-7DDAD7E30A3C}.Debug|iPhone.Deploy.0 = Debug|Any CPU
		{EA4B6826-5EA2-4BCE-84AF-7DDAD7E30A3C}.Debug|iPhoneSimulator.ActiveCfg = Debug|Any CPU
		{EA4B6826-5EA2-4BCE-84AF-7DDAD7E30A3C}.Debug|iPhoneSimulator.Build.0 = Debug|Any CPU
		{EA4B6826-5EA2-4BCE-84AF-7DDAD7E30A3C}.Debug|iPhoneSimulator.Deploy.0 = Debug|Any CPU
		{EA4B6826-5EA2-4BCE-84AF-7DDAD7E30A3C}.Release|Any CPU.ActiveCfg = Release|Any CPU
		{EA4B6826-5EA2-4BCE-84AF-7DDAD7E30A3C}.Release|Any CPU.Build.0 = Release|Any CPU
		{EA4B6826-5EA2-4BCE-84AF-7DDAD7E30A3C}.Release|Any CPU.Deploy.0 = Release|Any CPU
		{EA4B6826-5EA2-4BCE-84AF-7DDAD7E30A3C}.Release|iPhone.ActiveCfg = Release|Any CPU
		{EA4B6826-5EA2-4BCE-84AF-7DDAD7E30A3C}.Release|iPhone.Build.0 = Release|Any CPU
		{EA4B6826-5EA2-4BCE-84AF-7DDAD7E30A3C}.Release|iPhone.Deploy.0 = Release|Any CPU
		{EA4B6826-5EA2-4BCE-84AF-7DDAD7E30A3C}.Release|iPhoneSimulator.ActiveCfg = Release|Any CPU
		{EA4B6826-5EA2-4BCE-84AF-7DDAD7E30A3C}.Release|iPhoneSimulator.Build.0 = Release|Any CPU
		{EA4B6826-5EA2-4BCE-84AF-7DDAD7E30A3C}.Release|iPhoneSimulator.Deploy.0 = Release|Any CPU
		{7143BF4F-25A2-4A8B-A61F-BAD02EC8B4C6}.Debug|Any CPU.ActiveCfg = Debug|iPhone
		{7143BF4F-25A2-4A8B-A61F-BAD02EC8B4C6}.Debug|Any CPU.Build.0 = Debug|iPhone
		{7143BF4F-25A2-4A8B-A61F-BAD02EC8B4C6}.Debug|Any CPU.Deploy.0 = Debug|iPhone
		{7143BF4F-25A2-4A8B-A61F-BAD02EC8B4C6}.Debug|iPhone.ActiveCfg = Debug|iPhone
		{7143BF4F-25A2-4A8B-A61F-BAD02EC8B4C6}.Debug|iPhone.Build.0 = Debug|iPhone
		{7143BF4F-25A2-4A8B-A61F-BAD02EC8B4C6}.Debug|iPhone.Deploy.0 = Debug|iPhone
		{7143BF4F-25A2-4A8B-A61F-BAD02EC8B4C6}.Debug|iPhoneSimulator.ActiveCfg = Debug|iPhoneSimulator
		{7143BF4F-25A2-4A8B-A61F-BAD02EC8B4C6}.Debug|iPhoneSimulator.Build.0 = Debug|iPhoneSimulator
		{7143BF4F-25A2-4A8B-A61F-BAD02EC8B4C6}.Debug|iPhoneSimulator.Deploy.0 = Debug|iPhoneSimulator
		{7143BF4F-25A2-4A8B-A61F-BAD02EC8B4C6}.Release|Any CPU.ActiveCfg = Release|iPhoneSimulator
		{7143BF4F-25A2-4A8B-A61F-BAD02EC8B4C6}.Release|Any CPU.Build.0 = Release|iPhoneSimulator
		{7143BF4F-25A2-4A8B-A61F-BAD02EC8B4C6}.Release|Any CPU.Deploy.0 = Release|iPhoneSimulator
		{7143BF4F-25A2-4A8B-A61F-BAD02EC8B4C6}.Release|iPhone.ActiveCfg = Release|iPhone
		{7143BF4F-25A2-4A8B-A61F-BAD02EC8B4C6}.Release|iPhone.Build.0 = Release|iPhone
		{7143BF4F-25A2-4A8B-A61F-BAD02EC8B4C6}.Release|iPhone.Deploy.0 = Release|iPhone
		{7143BF4F-25A2-4A8B-A61F-BAD02EC8B4C6}.Release|iPhoneSimulator.ActiveCfg = Release|iPhoneSimulator
		{7143BF4F-25A2-4A8B-A61F-BAD02EC8B4C6}.Release|iPhoneSimulator.Build.0 = Release|iPhoneSimulator
		{7143BF4F-25A2-4A8B-A61F-BAD02EC8B4C6}.Release|iPhoneSimulator.Deploy.0 = Release|iPhoneSimulator
		{79B962E5-46EC-4DE4-9E63-6A71C8EC3FC1}.Debug|Any CPU.ActiveCfg = Debug|Any CPU
		{79B962E5-46EC-4DE4-9E63-6A71C8EC3FC1}.Debug|Any CPU.Build.0 = Debug|Any CPU
		{79B962E5-46EC-4DE4-9E63-6A71C8EC3FC1}.Debug|Any CPU.Deploy.0 = Debug|Any CPU
		{79B962E5-46EC-4DE4-9E63-6A71C8EC3FC1}.Debug|iPhone.ActiveCfg = Debug|Any CPU
		{79B962E5-46EC-4DE4-9E63-6A71C8EC3FC1}.Debug|iPhone.Build.0 = Debug|Any CPU
		{79B962E5-46EC-4DE4-9E63-6A71C8EC3FC1}.Debug|iPhone.Deploy.0 = Debug|Any CPU
		{79B962E5-46EC-4DE4-9E63-6A71C8EC3FC1}.Debug|iPhoneSimulator.ActiveCfg = Debug|Any CPU
		{79B962E5-46EC-4DE4-9E63-6A71C8EC3FC1}.Debug|iPhoneSimulator.Build.0 = Debug|Any CPU
		{79B962E5-46EC-4DE4-9E63-6A71C8EC3FC1}.Debug|iPhoneSimulator.Deploy.0 = Debug|Any CPU
		{79B962E5-46EC-4DE4-9E63-6A71C8EC3FC1}.Release|Any CPU.ActiveCfg = Release|Any CPU
		{79B962E5-46EC-4DE4-9E63-6A71C8EC3FC1}.Release|Any CPU.Build.0 = Release|Any CPU
		{79B962E5-46EC-4DE4-9E63-6A71C8EC3FC1}.Release|Any CPU.Deploy.0 = Release|Any CPU
		{79B962E5-46EC-4DE4-9E63-6A71C8EC3FC1}.Release|iPhone.ActiveCfg = Release|Any CPU
		{79B962E5-46EC-4DE4-9E63-6A71C8EC3FC1}.Release|iPhone.Build.0 = Release|Any CPU
		{79B962E5-46EC-4DE4-9E63-6A71C8EC3FC1}.Release|iPhone.Deploy.0 = Release|Any CPU
		{79B962E5-46EC-4DE4-9E63-6A71C8EC3FC1}.Release|iPhoneSimulator.ActiveCfg = Release|Any CPU
		{79B962E5-46EC-4DE4-9E63-6A71C8EC3FC1}.Release|iPhoneSimulator.Build.0 = Release|Any CPU
		{79B962E5-46EC-4DE4-9E63-6A71C8EC3FC1}.Release|iPhoneSimulator.Deploy.0 = Release|Any CPU
	EndGlobalSection
	GlobalSection(SolutionProperties) = preSolution
		HideSolutionNode = FALSE
	EndGlobalSection
	GlobalSection(ExtensibilityGlobals) = postSolution
		SolutionGuid = {8BCD11C3-5177-4BA8-8539-EA6CCFB12C88}
	EndGlobalSection
EndGlobal
